
Microsoft Visual Studio Solution File, Format Version 12.00
# Visual Studio 14
VisualStudioVersion = 14.0.24720.0
MinimumVisualStudioVersion = 10.0.40219.1
Project("{FAE04EC0-301F-11D3-BF4B-00C04F79EFBC}") = "ExcellaMobileApp", "ExcellaMobileApp\ExcellaMobileApp.csproj", "{DF0977D5-CA30-4645-9EE4-4AA93FA03B3A}"
EndProject
Project("{2150E333-8FDC-42A3-9474-1A3956D46DE8}") = "PublishScripts", "PublishScripts", "{0B818D2B-04FE-476E-90E0-EBAFEFA4405E}"
EndProject
Project("{2150E333-8FDC-42A3-9474-1A3956D46DE8}") = "Scripts", "Scripts", "{C983050C-84A5-4ABA-9719-F13AB5837A9C}"
	ProjectSection(SolutionItems) = preProject
		PublishScripts\Scripts\Deploy-AzureResourceGroup.ps1 = PublishScripts\Scripts\Deploy-AzureResourceGroup.ps1
	EndProjectSection
EndProject
Project("{2150E333-8FDC-42A3-9474-1A3956D46DE8}") = "Templates", "Templates", "{C030EAEB-F5B6-467A-99DC-30E78475253D}"
	ProjectSection(SolutionItems) = preProject
		PublishScripts\Templates\ExcellaMobileApp.json = PublishScripts\Templates\ExcellaMobileApp.json
		PublishScripts\Templates\ExcellaMobileApp.param.dev.json = PublishScripts\Templates\ExcellaMobileApp.param.dev.json
	EndProjectSection
EndProject
Global
	GlobalSection(SolutionConfigurationPlatforms) = preSolution
		Debug|Any CPU = Debug|Any CPU
		Release|Any CPU = Release|Any CPU
	EndGlobalSection
	GlobalSection(ProjectConfigurationPlatforms) = postSolution
		{DF0977D5-CA30-4645-9EE4-4AA93FA03B3A}.Debug|Any CPU.ActiveCfg = Debug|Any CPU
		{DF0977D5-CA30-4645-9EE4-4AA93FA03B3A}.Debug|Any CPU.Build.0 = Debug|Any CPU
		{DF0977D5-CA30-4645-9EE4-4AA93FA03B3A}.Release|Any CPU.ActiveCfg = Release|Any CPU
		{DF0977D5-CA30-4645-9EE4-4AA93FA03B3A}.Release|Any CPU.Build.0 = Release|Any CPU
	EndGlobalSection
	GlobalSection(SolutionProperties) = preSolution
		HideSolutionNode = FALSE
	EndGlobalSection
	GlobalSection(NestedProjects) = preSolution
		{C983050C-84A5-4ABA-9719-F13AB5837A9C} = {0B818D2B-04FE-476E-90E0-EBAFEFA4405E}
		{C030EAEB-F5B6-467A-99DC-30E78475253D} = {0B818D2B-04FE-476E-90E0-EBAFEFA4405E}
	EndGlobalSection
EndGlobal
